
Microsoft Visual Studio Solution File, Format Version 12.00
# Visual Studio Version 16
VisualStudioVersion = 16.0.33214.272
MinimumVisualStudioVersion = 10.0.40219.1
Project("{9A19103F-16F7-4668-BE54-9A1E7A4F7556}") = "BookstoreProject", "BookstoreProject\BookstoreProject.csproj", "{99DE2651-F63D-446B-BEF0-84F95C44B791}"
EndProject
Global
	GlobalSection(SolutionConfigurationPlatforms) = preSolution
		Debug|Any CPU = Debug|Any CPU
		Release|Any CPU = Release|Any CPU
	EndGlobalSection
	GlobalSection(ProjectConfigurationPlatforms) = postSolution
		{99DE2651-F63D-446B-BEF0-84F95C44B791}.Debug|Any CPU.ActiveCfg = Debug|Any CPU
		{99DE2651-F63D-446B-BEF0-84F95C44B791}.Debug|Any CPU.Build.0 = Debug|Any CPU
		{99DE2651-F63D-446B-BEF0-84F95C44B791}.Release|Any CPU.ActiveCfg = Release|Any CPU
		{99DE2651-F63D-446B-BEF0-84F95C44B791}.Release|Any CPU.Build.0 = Release|Any CPU
	EndGlobalSection
	GlobalSection(SolutionProperties) = preSolution
		HideSolutionNode = FALSE
	EndGlobalSection
	GlobalSection(ExtensibilityGlobals) = postSolution
		SolutionGuid = {035DDC34-B370-4731-A213-32110A9702E8}
	EndGlobalSection
EndGlobal
